
Microsoft Visual Studio Solution File, Format Version 12.00
# Visual Studio Version 16
VisualStudioVersion = 16.0.30717.126
MinimumVisualStudioVersion = 10.0.40219.1
Project("{9A19103F-16F7-4668-BE54-9A1E7A4F7556}") = "Day_02_2", "Day_02_2.csproj", "{0880B772-3488-447F-8040-DC3131F88914}"
EndProject
Global
	GlobalSection(SolutionConfigurationPlatforms) = preSolution
		Debug|Any CPU = Debug|Any CPU
		Release|Any CPU = Release|Any CPU
	EndGlobalSection
	GlobalSection(ProjectConfigurationPlatforms) = postSolution
		{0880B772-3488-447F-8040-DC3131F88914}.Debug|Any CPU.ActiveCfg = Debug|Any CPU
		{0880B772-3488-447F-8040-DC3131F88914}.Debug|Any CPU.Build.0 = Debug|Any CPU
		{0880B772-3488-447F-8040-DC3131F88914}.Release|Any CPU.ActiveCfg = Release|Any CPU
		{0880B772-3488-447F-8040-DC3131F88914}.Release|Any CPU.Build.0 = Release|Any CPU
	EndGlobalSection
	GlobalSection(SolutionProperties) = preSolution
		HideSolutionNode = FALSE
	EndGlobalSection
	GlobalSection(ExtensibilityGlobals) = postSolution
		SolutionGuid = {10911F9F-6613-4CE7-8C0B-0B767C1827EE}
	EndGlobalSection
EndGlobal
