
Microsoft Visual Studio Solution File, Format Version 12.00
# Visual Studio Version 16
VisualStudioVersion = 16.0.30717.126
MinimumVisualStudioVersion = 10.0.40219.1
Project("{FAE04EC0-301F-11D3-BF4B-00C04F79EFBC}") = "Day_13_2", "Day_13_2.csproj", "{0277E6AD-B002-4118-90C4-A35D8F895DED}"
EndProject
Global
	GlobalSection(SolutionConfigurationPlatforms) = preSolution
		Debug|Any CPU = Debug|Any CPU
		Release|Any CPU = Release|Any CPU
	EndGlobalSection
	GlobalSection(ProjectConfigurationPlatforms) = postSolution
		{0277E6AD-B002-4118-90C4-A35D8F895DED}.Debug|Any CPU.ActiveCfg = Debug|Any CPU
		{0277E6AD-B002-4118-90C4-A35D8F895DED}.Debug|Any CPU.Build.0 = Debug|Any CPU
		{0277E6AD-B002-4118-90C4-A35D8F895DED}.Release|Any CPU.ActiveCfg = Release|Any CPU
		{0277E6AD-B002-4118-90C4-A35D8F895DED}.Release|Any CPU.Build.0 = Release|Any CPU
	EndGlobalSection
	GlobalSection(SolutionProperties) = preSolution
		HideSolutionNode = FALSE
	EndGlobalSection
	GlobalSection(ExtensibilityGlobals) = postSolution
		SolutionGuid = {7E98A7CA-08ED-4BB6-814D-7F221C6755D6}
	EndGlobalSection
EndGlobal
