
Microsoft Visual Studio Solution File, Format Version 12.00
# Visual Studio Version 16
VisualStudioVersion = 16.0.30717.126
MinimumVisualStudioVersion = 10.0.40219.1
Project("{FAE04EC0-301F-11D3-BF4B-00C04F79EFBC}") = "Day_05_2", "Day_05_2.csproj", "{155867DA-FB7E-4D54-BFA6-036D1AB7E9F2}"
EndProject
Global
	GlobalSection(SolutionConfigurationPlatforms) = preSolution
		Debug|Any CPU = Debug|Any CPU
		Release|Any CPU = Release|Any CPU
	EndGlobalSection
	GlobalSection(ProjectConfigurationPlatforms) = postSolution
		{155867DA-FB7E-4D54-BFA6-036D1AB7E9F2}.Debug|Any CPU.ActiveCfg = Debug|Any CPU
		{155867DA-FB7E-4D54-BFA6-036D1AB7E9F2}.Debug|Any CPU.Build.0 = Debug|Any CPU
		{155867DA-FB7E-4D54-BFA6-036D1AB7E9F2}.Release|Any CPU.ActiveCfg = Release|Any CPU
		{155867DA-FB7E-4D54-BFA6-036D1AB7E9F2}.Release|Any CPU.Build.0 = Release|Any CPU
	EndGlobalSection
	GlobalSection(SolutionProperties) = preSolution
		HideSolutionNode = FALSE
	EndGlobalSection
	GlobalSection(ExtensibilityGlobals) = postSolution
		SolutionGuid = {CE5E2197-7ECA-44B9-8638-6104044F4416}
	EndGlobalSection
EndGlobal
