
Microsoft Visual Studio Solution File, Format Version 12.00
# Visual Studio Version 16
VisualStudioVersion = 16.0.30717.126
MinimumVisualStudioVersion = 10.0.40219.1
Project("{9A19103F-16F7-4668-BE54-9A1E7A4F7556}") = "Day_18_Tests", "Day_18_Tests\Day_18_Tests.csproj", "{420ACE62-8B80-4637-892D-EFC4E9208659}"
EndProject
Project("{9A19103F-16F7-4668-BE54-9A1E7A4F7556}") = "Day_18_2", "Code\Day_18_2.csproj", "{D9515E2C-D17E-44B1-8B99-46824A4D790C}"
EndProject
Global
	GlobalSection(SolutionConfigurationPlatforms) = preSolution
		Debug|Any CPU = Debug|Any CPU
		Release|Any CPU = Release|Any CPU
	EndGlobalSection
	GlobalSection(ProjectConfigurationPlatforms) = postSolution
		{420ACE62-8B80-4637-892D-EFC4E9208659}.Debug|Any CPU.ActiveCfg = Debug|Any CPU
		{420ACE62-8B80-4637-892D-EFC4E9208659}.Debug|Any CPU.Build.0 = Debug|Any CPU
		{420ACE62-8B80-4637-892D-EFC4E9208659}.Release|Any CPU.ActiveCfg = Release|Any CPU
		{420ACE62-8B80-4637-892D-EFC4E9208659}.Release|Any CPU.Build.0 = Release|Any CPU
		{D9515E2C-D17E-44B1-8B99-46824A4D790C}.Debug|Any CPU.ActiveCfg = Debug|Any CPU
		{D9515E2C-D17E-44B1-8B99-46824A4D790C}.Debug|Any CPU.Build.0 = Debug|Any CPU
		{D9515E2C-D17E-44B1-8B99-46824A4D790C}.Release|Any CPU.ActiveCfg = Release|Any CPU
		{D9515E2C-D17E-44B1-8B99-46824A4D790C}.Release|Any CPU.Build.0 = Release|Any CPU
	EndGlobalSection
	GlobalSection(SolutionProperties) = preSolution
		HideSolutionNode = FALSE
	EndGlobalSection
	GlobalSection(ExtensibilityGlobals) = postSolution
		SolutionGuid = {1139443A-2CE0-4F3D-88E2-3D3A96FEDA09}
	EndGlobalSection
EndGlobal
