
Microsoft Visual Studio Solution File, Format Version 12.00
# Visual Studio Version 16
VisualStudioVersion = 16.0.30717.126
MinimumVisualStudioVersion = 10.0.40219.1
Project("{9A19103F-16F7-4668-BE54-9A1E7A4F7556}") = "Day_01_2", "Day_01_2.csproj", "{021A011A-249D-4905-A2D2-E9601D12BF99}"
EndProject
Global
	GlobalSection(SolutionConfigurationPlatforms) = preSolution
		Debug|Any CPU = Debug|Any CPU
		Release|Any CPU = Release|Any CPU
	EndGlobalSection
	GlobalSection(ProjectConfigurationPlatforms) = postSolution
		{021A011A-249D-4905-A2D2-E9601D12BF99}.Debug|Any CPU.ActiveCfg = Debug|Any CPU
		{021A011A-249D-4905-A2D2-E9601D12BF99}.Debug|Any CPU.Build.0 = Debug|Any CPU
		{021A011A-249D-4905-A2D2-E9601D12BF99}.Release|Any CPU.ActiveCfg = Release|Any CPU
		{021A011A-249D-4905-A2D2-E9601D12BF99}.Release|Any CPU.Build.0 = Release|Any CPU
	EndGlobalSection
	GlobalSection(SolutionProperties) = preSolution
		HideSolutionNode = FALSE
	EndGlobalSection
	GlobalSection(ExtensibilityGlobals) = postSolution
		SolutionGuid = {9589DA4F-05C4-4A5E-B5C6-40A261E0A7D7}
	EndGlobalSection
EndGlobal
