
Microsoft Visual Studio Solution File, Format Version 12.00
# Visual Studio Version 16
VisualStudioVersion = 16.0.30717.126
MinimumVisualStudioVersion = 10.0.40219.1
Project("{FAE04EC0-301F-11D3-BF4B-00C04F79EFBC}") = "Day_11_2", "Day_11_2.csproj", "{CDB2148F-3507-4DAB-B144-D00B1493512E}"
EndProject
Global
	GlobalSection(SolutionConfigurationPlatforms) = preSolution
		Debug|Any CPU = Debug|Any CPU
		Release|Any CPU = Release|Any CPU
	EndGlobalSection
	GlobalSection(ProjectConfigurationPlatforms) = postSolution
		{CDB2148F-3507-4DAB-B144-D00B1493512E}.Debug|Any CPU.ActiveCfg = Debug|Any CPU
		{CDB2148F-3507-4DAB-B144-D00B1493512E}.Debug|Any CPU.Build.0 = Debug|Any CPU
		{CDB2148F-3507-4DAB-B144-D00B1493512E}.Release|Any CPU.ActiveCfg = Release|Any CPU
		{CDB2148F-3507-4DAB-B144-D00B1493512E}.Release|Any CPU.Build.0 = Release|Any CPU
	EndGlobalSection
	GlobalSection(SolutionProperties) = preSolution
		HideSolutionNode = FALSE
	EndGlobalSection
	GlobalSection(ExtensibilityGlobals) = postSolution
		SolutionGuid = {2B30C4D6-8790-4A5A-821A-3989F7233134}
	EndGlobalSection
EndGlobal
