
Microsoft Visual Studio Solution File, Format Version 12.00
# Visual Studio Version 16
VisualStudioVersion = 16.0.30717.126
MinimumVisualStudioVersion = 10.0.40219.1
Project("{FAE04EC0-301F-11D3-BF4B-00C04F79EFBC}") = "Day_06_1", "Day_06_1.csproj", "{E0C23C59-F243-489F-AA38-A5F4C7A000BA}"
EndProject
Global
	GlobalSection(SolutionConfigurationPlatforms) = preSolution
		Debug|Any CPU = Debug|Any CPU
		Release|Any CPU = Release|Any CPU
	EndGlobalSection
	GlobalSection(ProjectConfigurationPlatforms) = postSolution
		{E0C23C59-F243-489F-AA38-A5F4C7A000BA}.Debug|Any CPU.ActiveCfg = Debug|Any CPU
		{E0C23C59-F243-489F-AA38-A5F4C7A000BA}.Debug|Any CPU.Build.0 = Debug|Any CPU
		{E0C23C59-F243-489F-AA38-A5F4C7A000BA}.Release|Any CPU.ActiveCfg = Release|Any CPU
		{E0C23C59-F243-489F-AA38-A5F4C7A000BA}.Release|Any CPU.Build.0 = Release|Any CPU
	EndGlobalSection
	GlobalSection(SolutionProperties) = preSolution
		HideSolutionNode = FALSE
	EndGlobalSection
	GlobalSection(ExtensibilityGlobals) = postSolution
		SolutionGuid = {A3221584-01B5-4A1F-AD34-F0A28E6FC89D}
	EndGlobalSection
EndGlobal
